// !$*UTF8*$!
{
	archiveVersion = 1;
	classes = {
	};
	objectVersion = 46;
	objects = {

/* Begin PBXBuildFile section */
		57208D22FFA9D4457B4D4EDD /* Pods_APIKitSampleTests.framework in Frameworks */ = {isa = PBXBuildFile; fileRef = E200C89E5CE097ED23C3EF86 /* Pods_APIKitSampleTests.framework */; };
		84515B171F356EE5000BB79F /* AppDelegate.swift in Sources */ = {isa = PBXBuildFile; fileRef = 84515B161F356EE5000BB79F /* AppDelegate.swift */; };
		84515B191F356EE5000BB79F /* ViewController.swift in Sources */ = {isa = PBXBuildFile; fileRef = 84515B181F356EE5000BB79F /* ViewController.swift */; };
		84515B1C1F356EE5000BB79F /* Main.storyboard in Resources */ = {isa = PBXBuildFile; fileRef = 84515B1A1F356EE5000BB79F /* Main.storyboard */; };
		84515B1E1F356EE5000BB79F /* Assets.xcassets in Resources */ = {isa = PBXBuildFile; fileRef = 84515B1D1F356EE5000BB79F /* Assets.xcassets */; };
		84515B211F356EE5000BB79F /* LaunchScreen.storyboard in Resources */ = {isa = PBXBuildFile; fileRef = 84515B1F1F356EE5000BB79F /* LaunchScreen.storyboard */; };
		84515B2C1F356EE5000BB79F /* APIKitSampleTests.swift in Sources */ = {isa = PBXBuildFile; fileRef = 84515B2B1F356EE5000BB79F /* APIKitSampleTests.swift */; };
		B8095742CF5565751C2D30F1 /* Pods_APIKitSample.framework in Frameworks */ = {isa = PBXBuildFile; fileRef = 14F5A11A2E7E712B09FF9774 /* Pods_APIKitSample.framework */; };
/* End PBXBuildFile section */

/* Begin PBXContainerItemProxy section */
		84515B281F356EE5000BB79F /* PBXContainerItemProxy */ = {
			isa = PBXContainerItemProxy;
			containerPortal = 84515B0B1F356EE5000BB79F /* Project object */;
			proxyType = 1;
			remoteGlobalIDString = 84515B121F356EE5000BB79F;
			remoteInfo = APIKitSample;
		};
/* End PBXContainerItemProxy section */

/* Begin PBXFileReference section */
		14F5A11A2E7E712B09FF9774 /* Pods_APIKitSample.framework */ = {isa = PBXFileReference; explicitFileType = wrapper.framework; includeInIndex = 0; path = Pods_APIKitSample.framework; sourceTree = BUILT_PRODUCTS_DIR; };
		3BBB77B2404AFD8B959E8AD8 /* Pods-APIKitSampleTests.release.xcconfig */ = {isa = PBXFileReference; includeInIndex = 1; lastKnownFileType = text.xcconfig; name = "Pods-APIKitSampleTests.release.xcconfig"; path = "Pods/Target Support Files/Pods-APIKitSampleTests/Pods-APIKitSampleTests.release.xcconfig"; sourceTree = "<group>"; };
		54D5A742F1F1D009EF526E2B /* Pods-APIKitSample.release.xcconfig */ = {isa = PBXFileReference; includeInIndex = 1; lastKnownFileType = text.xcconfig; name = "Pods-APIKitSample.release.xcconfig"; path = "Pods/Target Support Files/Pods-APIKitSample/Pods-APIKitSample.release.xcconfig"; sourceTree = "<group>"; };
		84515B131F356EE5000BB79F /* APIKitSample.app */ = {isa = PBXFileReference; explicitFileType = wrapper.application; includeInIndex = 0; path = APIKitSample.app; sourceTree = BUILT_PRODUCTS_DIR; };
		84515B161F356EE5000BB79F /* AppDelegate.swift */ = {isa = PBXFileReference; lastKnownFileType = sourcecode.swift; path = AppDelegate.swift; sourceTree = "<group>"; };
		84515B181F356EE5000BB79F /* ViewController.swift */ = {isa = PBXFileReference; lastKnownFileType = sourcecode.swift; path = ViewController.swift; sourceTree = "<group>"; };
		84515B1B1F356EE5000BB79F /* Base */ = {isa = PBXFileReference; lastKnownFileType = file.storyboard; name = Base; path = Base.lproj/Main.storyboard; sourceTree = "<group>"; };
		84515B1D1F356EE5000BB79F /* Assets.xcassets */ = {isa = PBXFileReference; lastKnownFileType = folder.assetcatalog; path = Assets.xcassets; sourceTree = "<group>"; };
		84515B201F356EE5000BB79F /* Base */ = {isa = PBXFileReference; lastKnownFileType = file.storyboard; name = Base; path = Base.lproj/LaunchScreen.storyboard; sourceTree = "<group>"; };
		84515B221F356EE5000BB79F /* Info.plist */ = {isa = PBXFileReference; lastKnownFileType = text.plist.xml; path = Info.plist; sourceTree = "<group>"; };
		84515B271F356EE5000BB79F /* APIKitSampleTests.xctest */ = {isa = PBXFileReference; explicitFileType = wrapper.cfbundle; includeInIndex = 0; path = APIKitSampleTests.xctest; sourceTree = BUILT_PRODUCTS_DIR; };
		84515B2B1F356EE5000BB79F /* APIKitSampleTests.swift */ = {isa = PBXFileReference; lastKnownFileType = sourcecode.swift; path = APIKitSampleTests.swift; sourceTree = "<group>"; };
		84515B2D1F356EE5000BB79F /* Info.plist */ = {isa = PBXFileReference; lastKnownFileType = text.plist.xml; path = Info.plist; sourceTree = "<group>"; };
		911BF0F524CF8AA633E8D393 /* Pods-APIKitSampleTests.debug.xcconfig */ = {isa = PBXFileReference; includeInIndex = 1; lastKnownFileType = text.xcconfig; name = "Pods-APIKitSampleTests.debug.xcconfig"; path = "Pods/Target Support Files/Pods-APIKitSampleTests/Pods-APIKitSampleTests.debug.xcconfig"; sourceTree = "<group>"; };
		AB092765BBC70E8BEBF68389 /* Pods-APIKitSample.debug.xcconfig */ = {isa = PBXFileReference; includeInIndex = 1; lastKnownFileType = text.xcconfig; name = "Pods-APIKitSample.debug.xcconfig"; path = "Pods/Target Support Files/Pods-APIKitSample/Pods-APIKitSample.debug.xcconfig"; sourceTree = "<group>"; };
		E200C89E5CE097ED23C3EF86 /* Pods_APIKitSampleTests.framework */ = {isa = PBXFileReference; explicitFileType = wrapper.framework; includeInIndex = 0; path = Pods_APIKitSampleTests.framework; sourceTree = BUILT_PRODUCTS_DIR; };
/* End PBXFileReference section */

/* Begin PBXFrameworksBuildPhase section */
		84515B101F356EE5000BB79F /* Frameworks */ = {
			isa = PBXFrameworksBuildPhase;
			buildActionMask = 2147483647;
			files = (
				B8095742CF5565751C2D30F1 /* Pods_APIKitSample.framework in Frameworks */,
			);
			runOnlyForDeploymentPostprocessing = 0;
		};
		84515B241F356EE5000BB79F /* Frameworks */ = {
			isa = PBXFrameworksBuildPhase;
			buildActionMask = 2147483647;
			files = (
				57208D22FFA9D4457B4D4EDD /* Pods_APIKitSampleTests.framework in Frameworks */,
			);
			runOnlyForDeploymentPostprocessing = 0;
		};
/* End PBXFrameworksBuildPhase section */

/* Begin PBXGroup section */
		4E2B82113EB7E506B09C5C71 /* Pods */ = {
			isa = PBXGroup;
			children = (
				AB092765BBC70E8BEBF68389 /* Pods-APIKitSample.debug.xcconfig */,
				54D5A742F1F1D009EF526E2B /* Pods-APIKitSample.release.xcconfig */,
				911BF0F524CF8AA633E8D393 /* Pods-APIKitSampleTests.debug.xcconfig */,
				3BBB77B2404AFD8B959E8AD8 /* Pods-APIKitSampleTests.release.xcconfig */,
			);
			name = Pods;
			sourceTree = "<group>";
		};
		84515B0A1F356EE5000BB79F = {
			isa = PBXGroup;
			children = (
				84515B151F356EE5000BB79F /* APIKitSample */,
				84515B2A1F356EE5000BB79F /* APIKitSampleTests */,
				84515B141F356EE5000BB79F /* Products */,
				4E2B82113EB7E506B09C5C71 /* Pods */,
				BAD6DB98E39D97F85A8A6541 /* Frameworks */,
			);
			sourceTree = "<group>";
		};
		84515B141F356EE5000BB79F /* Products */ = {
			isa = PBXGroup;
			children = (
				84515B131F356EE5000BB79F /* APIKitSample.app */,
				84515B271F356EE5000BB79F /* APIKitSampleTests.xctest */,
			);
			name = Products;
			sourceTree = "<group>";
		};
		84515B151F356EE5000BB79F /* APIKitSample */ = {
			isa = PBXGroup;
			children = (
				84515B161F356EE5000BB79F /* AppDelegate.swift */,
				84515B181F356EE5000BB79F /* ViewController.swift */,
				84515B1A1F356EE5000BB79F /* Main.storyboard */,
				84515B1D1F356EE5000BB79F /* Assets.xcassets */,
				84515B1F1F356EE5000BB79F /* LaunchScreen.storyboard */,
				84515B221F356EE5000BB79F /* Info.plist */,
			);
			path = APIKitSample;
			sourceTree = "<group>";
		};
		84515B2A1F356EE5000BB79F /* APIKitSampleTests */ = {
			isa = PBXGroup;
			children = (
				84515B2B1F356EE5000BB79F /* APIKitSampleTests.swift */,
				84515B2D1F356EE5000BB79F /* Info.plist */,
			);
			path = APIKitSampleTests;
			sourceTree = "<group>";
		};
		BAD6DB98E39D97F85A8A6541 /* Frameworks */ = {
			isa = PBXGroup;
			children = (
				14F5A11A2E7E712B09FF9774 /* Pods_APIKitSample.framework */,
				E200C89E5CE097ED23C3EF86 /* Pods_APIKitSampleTests.framework */,
			);
			name = Frameworks;
			sourceTree = "<group>";
		};
/* End PBXGroup section */

/* Begin PBXNativeTarget section */
		84515B121F356EE5000BB79F /* APIKitSample */ = {
			isa = PBXNativeTarget;
			buildConfigurationList = 84515B301F356EE5000BB79F /* Build configuration list for PBXNativeTarget "APIKitSample" */;
			buildPhases = (
				A320C86DB08455C572DF2AD8 /* [CP] Check Pods Manifest.lock */,
				84515B0F1F356EE5000BB79F /* Sources */,
				84515B101F356EE5000BB79F /* Frameworks */,
				84515B111F356EE5000BB79F /* Resources */,
				283EF322DE575C7EFEA3875B /* [CP] Embed Pods Frameworks */,
				8D2875F0AC6FC8A521187AE4 /* [CP] Copy Pods Resources */,
			);
			buildRules = (
			);
			dependencies = (
			);
			name = APIKitSample;
			productName = APIKitSample;
			productReference = 84515B131F356EE5000BB79F /* APIKitSample.app */;
			productType = "com.apple.product-type.application";
		};
		84515B261F356EE5000BB79F /* APIKitSampleTests */ = {
			isa = PBXNativeTarget;
			buildConfigurationList = 84515B331F356EE5000BB79F /* Build configuration list for PBXNativeTarget "APIKitSampleTests" */;
			buildPhases = (
				68F7122B48F1721B8CD95EB8 /* [CP] Check Pods Manifest.lock */,
				84515B231F356EE5000BB79F /* Sources */,
				84515B241F356EE5000BB79F /* Frameworks */,
				84515B251F356EE5000BB79F /* Resources */,
				AE293CB8D6400C26107AB75D /* [CP] Embed Pods Frameworks */,
				1FC554C02CDE1D434049160A /* [CP] Copy Pods Resources */,
			);
			buildRules = (
			);
			dependencies = (
				84515B291F356EE5000BB79F /* PBXTargetDependency */,
			);
			name = APIKitSampleTests;
			productName = APIKitSampleTests;
			productReference = 84515B271F356EE5000BB79F /* APIKitSampleTests.xctest */;
			productType = "com.apple.product-type.bundle.unit-test";
		};
/* End PBXNativeTarget section */

/* Begin PBXProject section */
		84515B0B1F356EE5000BB79F /* Project object */ = {
			isa = PBXProject;
			attributes = {
				LastSwiftUpdateCheck = 0820;
				LastUpgradeCheck = 0820;
				ORGANIZATIONNAME = sachiko;
				TargetAttributes = {
					84515B121F356EE5000BB79F = {
						CreatedOnToolsVersion = 8.2.1;
						DevelopmentTeam = 5BS3A226T4;
						ProvisioningStyle = Automatic;
					};
					84515B261F356EE5000BB79F = {
						CreatedOnToolsVersion = 8.2.1;
						DevelopmentTeam = 5BS3A226T4;
						ProvisioningStyle = Automatic;
						TestTargetID = 84515B121F356EE5000BB79F;
					};
				};
			};
			buildConfigurationList = 84515B0E1F356EE5000BB79F /* Build configuration list for PBXProject "APIKitSample" */;
			compatibilityVersion = "Xcode 3.2";
			developmentRegion = English;
			hasScannedForEncodings = 0;
			knownRegions = (
				en,
				Base,
			);
			mainGroup = 84515B0A1F356EE5000BB79F;
			productRefGroup = 84515B141F356EE5000BB79F /* Products */;
			projectDirPath = "";
			projectRoot = "";
			targets = (
				84515B121F356EE5000BB79F /* APIKitSample */,
				84515B261F356EE5000BB79F /* APIKitSampleTests */,
			);
		};
/* End PBXProject section */

/* Begin PBXResourcesBuildPhase section */
		84515B111F356EE5000BB79F /* Resources */ = {
			isa = PBXResourcesBuildPhase;
			buildActionMask = 2147483647;
			files = (
				84515B211F356EE5000BB79F /* LaunchScreen.storyboard in Resources */,
				84515B1E1F356EE5000BB79F /* Assets.xcassets in Resources */,
				84515B1C1F356EE5000BB79F /* Main.storyboard in Resources */,
			);
			runOnlyForDeploymentPostprocessing = 0;
		};
		84515B251F356EE5000BB79F /* Resources */ = {
			isa = PBXResourcesBuildPhase;
			buildActionMask = 2147483647;
			files = (
			);
			runOnlyForDeploymentPostprocessing = 0;
		};
/* End PBXResourcesBuildPhase section */

/* Begin PBXShellScriptBuildPhase section */
		1FC554C02CDE1D434049160A /* [CP] Copy Pods Resources */ = {
			isa = PBXShellScriptBuildPhase;
			buildActionMask = 2147483647;
			files = (
			);
			inputPaths = (
			);
			name = "[CP] Copy Pods Resources";
			outputPaths = (
			);
			runOnlyForDeploymentPostprocessing = 0;
			shellPath = /bin/sh;
			shellScript = "\"${SRCROOT}/Pods/Target Support Files/Pods-APIKitSampleTests/Pods-APIKitSampleTests-resources.sh\"\n";
			showEnvVarsInLog = 0;
		};
		283EF322DE575C7EFEA3875B /* [CP] Embed Pods Frameworks */ = {
			isa = PBXShellScriptBuildPhase;
			buildActionMask = 2147483647;
			files = (
			);
			inputPaths = (
			);
			name = "[CP] Embed Pods Frameworks";
			outputPaths = (
			);
			runOnlyForDeploymentPostprocessing = 0;
			shellPath = /bin/sh;
			shellScript = "\"${SRCROOT}/Pods/Target Support Files/Pods-APIKitSample/Pods-APIKitSample-frameworks.sh\"\n";
			showEnvVarsInLog = 0;
		};
		68F7122B48F1721B8CD95EB8 /* [CP] Check Pods Manifest.lock */ = {
			isa = PBXShellScriptBuildPhase;
			buildActionMask = 2147483647;
			files = (
			);
			inputPaths = (
			);
			name = "[CP] Check Pods Manifest.lock";
			outputPaths = (
			);
			runOnlyForDeploymentPostprocessing = 0;
			shellPath = /bin/sh;
			shellScript = "diff \"${PODS_PODFILE_DIR_PATH}/Podfile.lock\" \"${PODS_ROOT}/Manifest.lock\" > /dev/null\nif [ $? != 0 ] ; then\n    # print error to STDERR\n    echo \"error: The sandbox is not in sync with the Podfile.lock. Run 'pod install' or update your CocoaPods installation.\" >&2\n    exit 1\nfi\n";
			showEnvVarsInLog = 0;
		};
		8D2875F0AC6FC8A521187AE4 /* [CP] Copy Pods Resources */ = {
			isa = PBXShellScriptBuildPhase;
			buildActionMask = 2147483647;
			files = (
			);
			inputPaths = (
			);
			name = "[CP] Copy Pods Resources";
			outputPaths = (
			);
			runOnlyForDeploymentPostprocessing = 0;
			shellPath = /bin/sh;
			shellScript = "\"${SRCROOT}/Pods/Target Support Files/Pods-APIKitSample/Pods-APIKitSample-resources.sh\"\n";
			showEnvVarsInLog = 0;
		};
		A320C86DB08455C572DF2AD8 /* [CP] Check Pods Manifest.lock */ = {
			isa = PBXShellScriptBuildPhase;
			buildActionMask = 2147483647;
			files = (
			);
			inputPaths = (
			);
			name = "[CP] Check Pods Manifest.lock";
			outputPaths = (
			);
			runOnlyForDeploymentPostprocessing = 0;
			shellPath = /bin/sh;
			shellScript = "diff \"${PODS_PODFILE_DIR_PATH}/Podfile.lock\" \"${PODS_ROOT}/Manifest.lock\" > /dev/null\nif [ $? != 0 ] ; then\n    # print error to STDERR\n    echo \"error: The sandbox is not in sync with the Podfile.lock. Run 'pod install' or update your CocoaPods installation.\" >&2\n    exit 1\nfi\n";
			showEnvVarsInLog = 0;
		};
		AE293CB8D6400C26107AB75D /* [CP] Embed Pods Frameworks */ = {
			isa = PBXShellScriptBuildPhase;
			buildActionMask = 2147483647;
			files = (
			);
			inputPaths = (
			);
			name = "[CP] Embed Pods Frameworks";
			outputPaths = (
			);
			runOnlyForDeploymentPostprocessing = 0;
			shellPath = /bin/sh;
			shellScript = "\"${SRCROOT}/Pods/Target Support Files/Pods-APIKitSampleTests/Pods-APIKitSampleTests-frameworks.sh\"\n";
			showEnvVarsInLog = 0;
		};
/* End PBXShellScriptBuildPhase section */

/* Begin PBXSourcesBuildPhase section */
		84515B0F1F356EE5000BB79F /* Sources */ = {
			isa = PBXSourcesBuildPhase;
			buildActionMask = 2147483647;
			files = (
				84515B191F356EE5000BB79F /* ViewController.swift in Sources */,
				84515B171F356EE5000BB79F /* AppDelegate.swift in Sources */,
			);
			runOnlyForDeploymentPostprocessing = 0;
		};
		84515B231F356EE5000BB79F /* Sources */ = {
			isa = PBXSourcesBuildPhase;
			buildActionMask = 2147483647;
			files = (
				84515B2C1F356EE5000BB79F /* APIKitSampleTests.swift in Sources */,
			);
			runOnlyForDeploymentPostprocessing = 0;
		};
/* End PBXSourcesBuildPhase section */

/* Begin PBXTargetDependency section */
		84515B291F356EE5000BB79F /* PBXTargetDependency */ = {
			isa = PBXTargetDependency;
			target = 84515B121F356EE5000BB79F /* APIKitSample */;
			targetProxy = 84515B281F356EE5000BB79F /* PBXContainerItemProxy */;
		};
/* End PBXTargetDependency section */

/* Begin PBXVariantGroup section */
		84515B1A1F356EE5000BB79F /* Main.storyboard */ = {
			isa = PBXVariantGroup;
			children = (
				84515B1B1F356EE5000BB79F /* Base */,
			);
			name = Main.storyboard;
			sourceTree = "<group>";
		};
		84515B1F1F356EE5000BB79F /* LaunchScreen.storyboard */ = {
			isa = PBXVariantGroup;
			children = (
				84515B201F356EE5000BB79F /* Base */,
			);
			name = LaunchScreen.storyboard;
			sourceTree = "<group>";
		};
/* End PBXVariantGroup section */

/* Begin XCBuildConfiguration section */
		84515B2E1F356EE5000BB79F /* Debug */ = {
			isa = XCBuildConfiguration;
			buildSettings = {
				ALWAYS_SEARCH_USER_PATHS = NO;
				CLANG_ANALYZER_NONNULL = YES;
				CLANG_CXX_LANGUAGE_STANDARD = "gnu++0x";
				CLANG_CXX_LIBRARY = "libc++";
				CLANG_ENABLE_MODULES = YES;
				CLANG_ENABLE_OBJC_ARC = YES;
				CLANG_WARN_BOOL_CONVERSION = YES;
				CLANG_WARN_CONSTANT_CONVERSION = YES;
				CLANG_WARN_DIRECT_OBJC_ISA_USAGE = YES_ERROR;
				CLANG_WARN_DOCUMENTATION_COMMENTS = YES;
				CLANG_WARN_EMPTY_BODY = YES;
				CLANG_WARN_ENUM_CONVERSION = YES;
				CLANG_WARN_INFINITE_RECURSION = YES;
				CLANG_WARN_INT_CONVERSION = YES;
				CLANG_WARN_OBJC_ROOT_CLASS = YES_ERROR;
				CLANG_WARN_SUSPICIOUS_MOVE = YES;
				CLANG_WARN_UNREACHABLE_CODE = YES;
				CLANG_WARN__DUPLICATE_METHOD_MATCH = YES;
				"CODE_SIGN_IDENTITY[sdk=iphoneos*]" = "iPhone Developer";
				COPY_PHASE_STRIP = NO;
				DEBUG_INFORMATION_FORMAT = dwarf;
				ENABLE_STRICT_OBJC_MSGSEND = YES;
				ENABLE_TESTABILITY = YES;
				GCC_C_LANGUAGE_STANDARD = gnu99;
				GCC_DYNAMIC_NO_PIC = NO;
				GCC_NO_COMMON_BLOCKS = YES;
				GCC_OPTIMIZATION_LEVEL = 0;
				GCC_PREPROCESSOR_DEFINITIONS = (
					"DEBUG=1",
					"$(inherited)",
				);
				GCC_WARN_64_TO_32_BIT_CONVERSION = YES;
				GCC_WARN_ABOUT_RETURN_TYPE = YES_ERROR;
				GCC_WARN_UNDECLARED_SELECTOR = YES;
				GCC_WARN_UNINITIALIZED_AUTOS = YES_AGGRESSIVE;
				GCC_WARN_UNUSED_FUNCTION = YES;
				GCC_WARN_UNUSED_VARIABLE = YES;
				IPHONEOS_DEPLOYMENT_TARGET = 10.2;
				MTL_ENABLE_DEBUG_INFO = YES;
				ONLY_ACTIVE_ARCH = YES;
				SDKROOT = iphoneos;
				SWIFT_ACTIVE_COMPILATION_CONDITIONS = DEBUG;
				SWIFT_OPTIMIZATION_LEVEL = "-Onone";
			};
			name = Debug;
		};
		84515B2F1F356EE5000BB79F /* Release */ = {
			isa = XCBuildConfiguration;
			buildSettings = {
				ALWAYS_SEARCH_USER_PATHS = NO;
				CLANG_ANALYZER_NONNULL = YES;
				CLANG_CXX_LANGUAGE_STANDARD = "gnu++0x";
				CLANG_CXX_LIBRARY = "libc++";
				CLANG_ENABLE_MODULES = YES;
				CLANG_ENABLE_OBJC_ARC = YES;
				CLANG_WARN_BOOL_CONVERSION = YES;
				CLANG_WARN_CONSTANT_CONVERSION = YES;
				CLANG_WARN_DIRECT_OBJC_ISA_USAGE = YES_ERROR;
				CLANG_WARN_DOCUMENTATION_COMMENTS = YES;
				CLANG_WARN_EMPTY_BODY = YES;
				CLANG_WARN_ENUM_CONVERSION = YES;
				CLANG_WARN_INFINITE_RECURSION = YES;
				CLANG_WARN_INT_CONVERSION = YES;
				CLANG_WARN_OBJC_ROOT_CLASS = YES_ERROR;
				CLANG_WARN_SUSPICIOUS_MOVE = YES;
				CLANG_WARN_UNREACHABLE_CODE = YES;
				CLANG_WARN__DUPLICATE_METHOD_MATCH = YES;
				"CODE_SIGN_IDENTITY[sdk=iphoneos*]" = "iPhone Developer";
				COPY_PHASE_STRIP = NO;
				DEBUG_INFORMATION_FORMAT = "dwarf-with-dsym";
				ENABLE_NS_ASSERTIONS = NO;
				ENABLE_STRICT_OBJC_MSGSEND = YES;
				GCC_C_LANGUAGE_STANDARD = gnu99;
				GCC_NO_COMMON_BLOCKS = YES;
				GCC_WARN_64_TO_32_BIT_CONVERSION = YES;
				GCC_WARN_ABOUT_RETURN_TYPE = YES_ERROR;
				GCC_WARN_UNDECLARED_SELECTOR = YES;
				GCC_WARN_UNINITIALIZED_AUTOS = YES_AGGRESSIVE;
				GCC_WARN_UNUSED_FUNCTION = YES;
				GCC_WARN_UNUSED_VARIABLE = YES;
				IPHONEOS_DEPLOYMENT_TARGET = 10.2;
				MTL_ENABLE_DEBUG_INFO = NO;
				SDKROOT = iphoneos;
				SWIFT_OPTIMIZATION_LEVEL = "-Owholemodule";
				VALIDATE_PRODUCT = YES;
			};
			name = Release;
		};
		84515B311F356EE5000BB79F /* Debug */ = {
			isa = XCBuildConfiguration;
			baseConfigurationReference = AB092765BBC70E8BEBF68389 /* Pods-APIKitSample.debug.xcconfig */;
			buildSettings = {
				ASSETCATALOG_COMPILER_APPICON_NAME = AppIcon;
				DEVELOPMENT_TEAM = 5BS3A226T4;
				INFOPLIST_FILE = APIKitSample/Info.plist;
				LD_RUNPATH_SEARCH_PATHS = "$(inherited) @executable_path/Frameworks";
				PRODUCT_BUNDLE_IDENTIFIER = com.sachiko.APIKitSample;
				PRODUCT_NAME = "$(TARGET_NAME)";
				SWIFT_VERSION = 3.0;
			};
			name = Debug;
		};
		84515B321F356EE5000BB79F /* Release */ = {
			isa = XCBuildConfiguration;
			baseConfigurationReference = 54D5A742F1F1D009EF526E2B /* Pods-APIKitSample.release.xcconfig */;
			buildSettings = {
				ASSETCATALOG_COMPILER_APPICON_NAME = AppIcon;
				DEVELOPMENT_TEAM = 5BS3A226T4;
				INFOPLIST_FILE = APIKitSample/Info.plist;
				LD_RUNPATH_SEARCH_PATHS = "$(inherited) @executable_path/Frameworks";
				PRODUCT_BUNDLE_IDENTIFIER = com.sachiko.APIKitSample;
				PRODUCT_NAME = "$(TARGET_NAME)";
				SWIFT_VERSION = 3.0;
			};
			name = Release;
		};
		84515B341F356EE5000BB79F /* Debug */ = {
			isa = XCBuildConfiguration;
			baseConfigurationReference = 911BF0F524CF8AA633E8D393 /* Pods-APIKitSampleTests.debug.xcconfig */;
			buildSettings = {
				ALWAYS_EMBED_SWIFT_STANDARD_LIBRARIES = YES;
				BUNDLE_LOADER = "$(TEST_HOST)";
				DEVELOPMENT_TEAM = 5BS3A226T4;
				INFOPLIST_FILE = APIKitSampleTests/Info.plist;
				LD_RUNPATH_SEARCH_PATHS = "$(inherited) @executable_path/Frameworks @loader_path/Frameworks";
				PRODUCT_BUNDLE_IDENTIFIER = com.sachiko.APIKitSampleTests;
				PRODUCT_NAME = "$(TARGET_NAME)";
				SWIFT_VERSION = 3.0;
				TEST_HOST = "$(BUILT_PRODUCTS_DIR)/APIKitSample.app/APIKitSample";
			};
			name = Debug;
		};
		84515B351F356EE5000BB79F /* Release */ = {
			isa = XCBuildConfiguration;
			baseConfigurationReference = 3BBB77B2404AFD8B959E8AD8 /* Pods-APIKitSampleTests.release.xcconfig */;
			buildSettings = {
				ALWAYS_EMBED_SWIFT_STANDARD_LIBRARIES = YES;
				BUNDLE_LOADER = "$(TEST_HOST)";
				DEVELOPMENT_TEAM = 5BS3A226T4;
				INFOPLIST_FILE = APIKitSampleTests/Info.plist;
				LD_RUNPATH_SEARCH_PATHS = "$(inherited) @executable_path/Frameworks @loader_path/Frameworks";
				PRODUCT_BUNDLE_IDENTIFIER = com.sachiko.APIKitSampleTests;
				PRODUCT_NAME = "$(TARGET_NAME)";
				SWIFT_VERSION = 3.0;
				TEST_HOST = "$(BUILT_PRODUCTS_DIR)/APIKitSample.app/APIKitSample";
			};
			name = Release;
		};
/* End XCBuildConfiguration section */

/* Begin XCConfigurationList section */
		84515B0E1F356EE5000BB79F /* Build configuration list for PBXProject "APIKitSample" */ = {
			isa = XCConfigurationList;
			buildConfigurations = (
				84515B2E1F356EE5000BB79F /* Debug */,
				84515B2F1F356EE5000BB79F /* Release */,
			);
			defaultConfigurationIsVisible = 0;
			defaultConfigurationName = Release;
		};
		84515B301F356EE5000BB79F /* Build configuration list for PBXNativeTarget "APIKitSample" */ = {
			isa = XCConfigurationList;
			buildConfigurations = (
				84515B311F356EE5000BB79F /* Debug */,
				84515B321F356EE5000BB79F /* Release */,
			);
			defaultConfigurationIsVisible = 0;
		};
		84515B331F356EE5000BB79F /* Build configuration list for PBXNativeTarget "APIKitSampleTests" */ = {
			isa = XCConfigurationList;
			buildConfigurations = (
				84515B341F356EE5000BB79F /* Debug */,
				84515B351F356EE5000BB79F /* Release */,
			);
			defaultConfigurationIsVisible = 0;
		};
/* End XCConfigurationList section */
	};
	rootObject = 84515B0B1F356EE5000BB79F /* Project object */;
}
